// !$*UTF8*$!
{
	archiveVersion = 1;
	classes = {
	};
	objectVersion = 48;
	objects = {

/* Begin PBXBuildFile section */
		D7C6A8C2E8DEC24B4D12E251 /* Pods_oneLife.framework in Frameworks */ = {isa = PBXBuildFile; fileRef = 491551DBB912DFCCEA3F048A /* Pods_oneLife.framework */; };
		E90457DB21D5C7EC0048E946 /* HomePresenter.swift in Sources */ = {isa = PBXBuildFile; fileRef = E90457DA21D5C7EC0048E946 /* HomePresenter.swift */; };
		E90457DD21D5C7FA0048E946 /* FirebaseAdapter.swift in Sources */ = {isa = PBXBuildFile; fileRef = E90457DC21D5C7FA0048E946 /* FirebaseAdapter.swift */; };
		E90457DF21D5C8070048E946 /* FirebaseAdapting.swift in Sources */ = {isa = PBXBuildFile; fileRef = E90457DE21D5C8070048E946 /* FirebaseAdapting.swift */; };
		E90457E721D5C9060048E946 /* User.swift in Sources */ = {isa = PBXBuildFile; fileRef = E90457E621D5C9060048E946 /* User.swift */; };
		E971911E21D7DF8400A80F34 /* Constants.swift in Sources */ = {isa = PBXBuildFile; fileRef = E971911D21D7DF8400A80F34 /* Constants.swift */; };
		E9DA79AE21D0173100ABE6B7 /* AppDelegate.swift in Sources */ = {isa = PBXBuildFile; fileRef = E9DA79AD21D0173100ABE6B7 /* AppDelegate.swift */; };
		E9DA79B021D0173100ABE6B7 /* HomeViewController.swift in Sources */ = {isa = PBXBuildFile; fileRef = E9DA79AF21D0173100ABE6B7 /* HomeViewController.swift */; };
		E9DA79B321D0173100ABE6B7 /* Home.storyboard in Resources */ = {isa = PBXBuildFile; fileRef = E9DA79B121D0173100ABE6B7 /* Home.storyboard */; };
		E9DA79B521D0173B00ABE6B7 /* Assets.xcassets in Resources */ = {isa = PBXBuildFile; fileRef = E9DA79B421D0173B00ABE6B7 /* Assets.xcassets */; };
		E9DA79B821D0173B00ABE6B7 /* LaunchScreen.storyboard in Resources */ = {isa = PBXBuildFile; fileRef = E9DA79B621D0173B00ABE6B7 /* LaunchScreen.storyboard */; };
/* End PBXBuildFile section */

/* Begin PBXFileReference section */
		148E945721037539C00C643F /* Pods-oneLife.debug.xcconfig */ = {isa = PBXFileReference; includeInIndex = 1; lastKnownFileType = text.xcconfig; name = "Pods-oneLife.debug.xcconfig"; path = "Pods/Target Support Files/Pods-oneLife/Pods-oneLife.debug.xcconfig"; sourceTree = "<group>"; };
		346E8FCCD797FA90FEA2A50A /* Pods-oneLife-oneLifeUITests.debug.xcconfig */ = {isa = PBXFileReference; includeInIndex = 1; lastKnownFileType = text.xcconfig; name = "Pods-oneLife-oneLifeUITests.debug.xcconfig"; path = "Pods/Target Support Files/Pods-oneLife-oneLifeUITests/Pods-oneLife-oneLifeUITests.debug.xcconfig"; sourceTree = "<group>"; };
		491551DBB912DFCCEA3F048A /* Pods_oneLife.framework */ = {isa = PBXFileReference; explicitFileType = wrapper.framework; includeInIndex = 0; path = Pods_oneLife.framework; sourceTree = BUILT_PRODUCTS_DIR; };
		5714CD6FCB9072CA526AA269 /* Pods-oneLife-oneLifeUITests.release.xcconfig */ = {isa = PBXFileReference; includeInIndex = 1; lastKnownFileType = text.xcconfig; name = "Pods-oneLife-oneLifeUITests.release.xcconfig"; path = "Pods/Target Support Files/Pods-oneLife-oneLifeUITests/Pods-oneLife-oneLifeUITests.release.xcconfig"; sourceTree = "<group>"; };
		6EA4ED9453D9634CB1DC85EC /* Pods-oneLife-oneLifeTests.release.xcconfig */ = {isa = PBXFileReference; includeInIndex = 1; lastKnownFileType = text.xcconfig; name = "Pods-oneLife-oneLifeTests.release.xcconfig"; path = "Pods/Target Support Files/Pods-oneLife-oneLifeTests/Pods-oneLife-oneLifeTests.release.xcconfig"; sourceTree = "<group>"; };
		84FE6867E11840C06B37A012 /* Pods_oneLife_oneLifeUITests.framework */ = {isa = PBXFileReference; explicitFileType = wrapper.framework; includeInIndex = 0; path = Pods_oneLife_oneLifeUITests.framework; sourceTree = BUILT_PRODUCTS_DIR; };
		95B3AFAE11A2FE40AA1F8238 /* Pods-oneLife-oneLifeTests.debug.xcconfig */ = {isa = PBXFileReference; includeInIndex = 1; lastKnownFileType = text.xcconfig; name = "Pods-oneLife-oneLifeTests.debug.xcconfig"; path = "Pods/Target Support Files/Pods-oneLife-oneLifeTests/Pods-oneLife-oneLifeTests.debug.xcconfig"; sourceTree = "<group>"; };
		97A86A86F39C6237E6893D30 /* Pods_oneLife_oneLifeTests.framework */ = {isa = PBXFileReference; explicitFileType = wrapper.framework; includeInIndex = 0; path = Pods_oneLife_oneLifeTests.framework; sourceTree = BUILT_PRODUCTS_DIR; };
		C5D4AC2FC5312534402E6151 /* Pods-oneLife.release.xcconfig */ = {isa = PBXFileReference; includeInIndex = 1; lastKnownFileType = text.xcconfig; name = "Pods-oneLife.release.xcconfig"; path = "Pods/Target Support Files/Pods-oneLife/Pods-oneLife.release.xcconfig"; sourceTree = "<group>"; };
		E90457DA21D5C7EC0048E946 /* HomePresenter.swift */ = {isa = PBXFileReference; lastKnownFileType = sourcecode.swift; path = HomePresenter.swift; sourceTree = "<group>"; };
		E90457DC21D5C7FA0048E946 /* FirebaseAdapter.swift */ = {isa = PBXFileReference; lastKnownFileType = sourcecode.swift; path = FirebaseAdapter.swift; sourceTree = "<group>"; };
		E90457DE21D5C8070048E946 /* FirebaseAdapting.swift */ = {isa = PBXFileReference; lastKnownFileType = sourcecode.swift; path = FirebaseAdapting.swift; sourceTree = "<group>"; };
		E90457E621D5C9060048E946 /* User.swift */ = {isa = PBXFileReference; lastKnownFileType = sourcecode.swift; path = User.swift; sourceTree = "<group>"; };
		E971911D21D7DF8400A80F34 /* Constants.swift */ = {isa = PBXFileReference; lastKnownFileType = sourcecode.swift; path = Constants.swift; sourceTree = "<group>"; };
		E9DA79AA21D0173100ABE6B7 /* oneLife.app */ = {isa = PBXFileReference; explicitFileType = wrapper.application; includeInIndex = 0; path = oneLife.app; sourceTree = BUILT_PRODUCTS_DIR; };
		E9DA79AD21D0173100ABE6B7 /* AppDelegate.swift */ = {isa = PBXFileReference; lastKnownFileType = sourcecode.swift; path = AppDelegate.swift; sourceTree = "<group>"; };
		E9DA79AF21D0173100ABE6B7 /* HomeViewController.swift */ = {isa = PBXFileReference; lastKnownFileType = sourcecode.swift; path = HomeViewController.swift; sourceTree = "<group>"; };
		E9DA79B221D0173100ABE6B7 /* Base */ = {isa = PBXFileReference; lastKnownFileType = file.storyboard; name = Base; path = Base.lproj/Home.storyboard; sourceTree = "<group>"; };
		E9DA79B421D0173B00ABE6B7 /* Assets.xcassets */ = {isa = PBXFileReference; lastKnownFileType = folder.assetcatalog; path = Assets.xcassets; sourceTree = "<group>"; };
		E9DA79B721D0173B00ABE6B7 /* Base */ = {isa = PBXFileReference; lastKnownFileType = file.storyboard; name = Base; path = Base.lproj/LaunchScreen.storyboard; sourceTree = "<group>"; };
		E9DA79B921D0173B00ABE6B7 /* Info.plist */ = {isa = PBXFileReference; lastKnownFileType = text.plist.xml; path = Info.plist; sourceTree = "<group>"; };
/* End PBXFileReference section */

/* Begin PBXFrameworksBuildPhase section */
		E9DA79A721D0173100ABE6B7 /* Frameworks */ = {
			isa = PBXFrameworksBuildPhase;
			buildActionMask = 2147483647;
			files = (
				D7C6A8C2E8DEC24B4D12E251 /* Pods_oneLife.framework in Frameworks */,
			);
			runOnlyForDeploymentPostprocessing = 0;
		};
/* End PBXFrameworksBuildPhase section */

/* Begin PBXGroup section */
		562E5BD4E3DC3FD97A576BC0 /* Frameworks */ = {
			isa = PBXGroup;
			children = (
				491551DBB912DFCCEA3F048A /* Pods_oneLife.framework */,
				97A86A86F39C6237E6893D30 /* Pods_oneLife_oneLifeTests.framework */,
				84FE6867E11840C06B37A012 /* Pods_oneLife_oneLifeUITests.framework */,
			);
			name = Frameworks;
			sourceTree = "<group>";
		};
		A93CA9484674555C00D45E58 /* Pods */ = {
			isa = PBXGroup;
			children = (
				148E945721037539C00C643F /* Pods-oneLife.debug.xcconfig */,
				C5D4AC2FC5312534402E6151 /* Pods-oneLife.release.xcconfig */,
				95B3AFAE11A2FE40AA1F8238 /* Pods-oneLife-oneLifeTests.debug.xcconfig */,
				6EA4ED9453D9634CB1DC85EC /* Pods-oneLife-oneLifeTests.release.xcconfig */,
				346E8FCCD797FA90FEA2A50A /* Pods-oneLife-oneLifeUITests.debug.xcconfig */,
				5714CD6FCB9072CA526AA269 /* Pods-oneLife-oneLifeUITests.release.xcconfig */,
			);
			name = Pods;
			sourceTree = "<group>";
		};
		E90457E021D5C8760048E946 /* Adapters */ = {
			isa = PBXGroup;
			children = (
				E90457DC21D5C7FA0048E946 /* FirebaseAdapter.swift */,
				E90457E121D5C8760048E946 /* Protocols */,
			);
			path = Adapters;
			sourceTree = "<group>";
		};
		E90457E121D5C8760048E946 /* Protocols */ = {
			isa = PBXGroup;
			children = (
				E90457DE21D5C8070048E946 /* FirebaseAdapting.swift */,
			);
			path = Protocols;
			sourceTree = "<group>";
		};
		E90457E221D5C8760048E946 /* Screens */ = {
			isa = PBXGroup;
			children = (
				E90457E421D5C8960048E946 /* Home */,
			);
			path = Screens;
			sourceTree = "<group>";
		};
		E90457E321D5C87D0048E946 /* UI */ = {
			isa = PBXGroup;
			children = (
				E9DA79B121D0173100ABE6B7 /* Home.storyboard */,
				E9DA79B421D0173B00ABE6B7 /* Assets.xcassets */,
				E9DA79B621D0173B00ABE6B7 /* LaunchScreen.storyboard */,
			);
			path = UI;
			sourceTree = "<group>";
		};
		E90457E421D5C8960048E946 /* Home */ = {
			isa = PBXGroup;
			children = (
				E90457DA21D5C7EC0048E946 /* HomePresenter.swift */,
				E9DA79AF21D0173100ABE6B7 /* HomeViewController.swift */,
			);
			path = Home;
			sourceTree = "<group>";
		};
		E90457E521D5C8F00048E946 /* Entities */ = {
			isa = PBXGroup;
			children = (
				E90457E621D5C9060048E946 /* User.swift */,
			);
			path = Entities;
			sourceTree = "<group>";
		};
		E9DA79A121D0173000ABE6B7 = {
			isa = PBXGroup;
			children = (
				E9DA79AC21D0173100ABE6B7 /* oneLife */,
				E9DA79AB21D0173100ABE6B7 /* Products */,
				A93CA9484674555C00D45E58 /* Pods */,
				562E5BD4E3DC3FD97A576BC0 /* Frameworks */,
			);
			sourceTree = "<group>";
		};
		E9DA79AB21D0173100ABE6B7 /* Products */ = {
			isa = PBXGroup;
			children = (
				E9DA79AA21D0173100ABE6B7 /* oneLife.app */,
			);
			name = Products;
			sourceTree = "<group>";
		};
		E9DA79AC21D0173100ABE6B7 /* oneLife */ = {
			isa = PBXGroup;
			children = (
				E90457E521D5C8F00048E946 /* Entities */,
				E9DA79AD21D0173100ABE6B7 /* AppDelegate.swift */,
				E9DA79B921D0173B00ABE6B7 /* Info.plist */,
				E90457E321D5C87D0048E946 /* UI */,
				E90457E221D5C8760048E946 /* Screens */,
				E90457E021D5C8760048E946 /* Adapters */,
				E971911D21D7DF8400A80F34 /* Constants.swift */,
			);
			path = oneLife;
			sourceTree = "<group>";
		};
/* End PBXGroup section */

/* Begin PBXNativeTarget section */
		E9DA79A921D0173100ABE6B7 /* oneLife */ = {
			isa = PBXNativeTarget;
			buildConfigurationList = E9DA79D221D0173C00ABE6B7 /* Build configuration list for PBXNativeTarget "oneLife" */;
			buildPhases = (
				87E5439121FD785EE67F139C /* [CP] Check Pods Manifest.lock */,
				E9DA79A621D0173100ABE6B7 /* Sources */,
				E9DA79A721D0173100ABE6B7 /* Frameworks */,
				E9DA79A821D0173100ABE6B7 /* Resources */,
				93C166E833048BF80C21CAF0 /* [CP] Embed Pods Frameworks */,
			);
			buildRules = (
			);
			dependencies = (
			);
			name = oneLife;
			productName = oneLife;
			productReference = E9DA79AA21D0173100ABE6B7 /* oneLife.app */;
			productType = "com.apple.product-type.application";
		};
/* End PBXNativeTarget section */

/* Begin PBXProject section */
		E9DA79A221D0173000ABE6B7 /* Project object */ = {
			isa = PBXProject;
			attributes = {
				LastSwiftUpdateCheck = 0930;
				LastUpgradeCheck = 0930;
				ORGANIZATIONNAME = "Joyce Matos";
				TargetAttributes = {
					E9DA79A921D0173100ABE6B7 = {
						CreatedOnToolsVersion = 9.3;
						ProvisioningStyle = Automatic;
					};
				};
			};
			buildConfigurationList = E9DA79A521D0173000ABE6B7 /* Build configuration list for PBXProject "oneLife" */;
			compatibilityVersion = "Xcode 8.0";
			developmentRegion = en;
			hasScannedForEncodings = 0;
			knownRegions = (
				en,
				Base,
			);
			mainGroup = E9DA79A121D0173000ABE6B7;
			productRefGroup = E9DA79AB21D0173100ABE6B7 /* Products */;
			projectDirPath = "";
			projectRoot = "";
			targets = (
				E9DA79A921D0173100ABE6B7 /* oneLife */,
			);
		};
/* End PBXProject section */

/* Begin PBXResourcesBuildPhase section */
		E9DA79A821D0173100ABE6B7 /* Resources */ = {
			isa = PBXResourcesBuildPhase;
			buildActionMask = 2147483647;
			files = (
				E9DA79B821D0173B00ABE6B7 /* LaunchScreen.storyboard in Resources */,
				E9DA79B521D0173B00ABE6B7 /* Assets.xcassets in Resources */,
				E9DA79B321D0173100ABE6B7 /* Home.storyboard in Resources */,
			);
			runOnlyForDeploymentPostprocessing = 0;
		};
/* End PBXResourcesBuildPhase section */

/* Begin PBXShellScriptBuildPhase section */
		87E5439121FD785EE67F139C /* [CP] Check Pods Manifest.lock */ = {
			isa = PBXShellScriptBuildPhase;
			buildActionMask = 2147483647;
			files = (
			);
			inputPaths = (
				"${PODS_PODFILE_DIR_PATH}/Podfile.lock",
				"${PODS_ROOT}/Manifest.lock",
			);
			name = "[CP] Check Pods Manifest.lock";
			outputPaths = (
				"$(DERIVED_FILE_DIR)/Pods-oneLife-checkManifestLockResult.txt",
			);
			runOnlyForDeploymentPostprocessing = 0;
			shellPath = /bin/sh;
			shellScript = "diff \"${PODS_PODFILE_DIR_PATH}/Podfile.lock\" \"${PODS_ROOT}/Manifest.lock\" > /dev/null\nif [ $? != 0 ] ; then\n    # print error to STDERR\n    echo \"error: The sandbox is not in sync with the Podfile.lock. Run 'pod install' or update your CocoaPods installation.\" >&2\n    exit 1\nfi\n# This output is used by Xcode 'outputs' to avoid re-running this script phase.\necho \"SUCCESS\" > \"${SCRIPT_OUTPUT_FILE_0}\"\n";
			showEnvVarsInLog = 0;
		};
		93C166E833048BF80C21CAF0 /* [CP] Embed Pods Frameworks */ = {
			isa = PBXShellScriptBuildPhase;
			buildActionMask = 2147483647;
			files = (
			);
			inputPaths = (
				"${PODS_ROOT}/Target Support Files/Pods-oneLife/Pods-oneLife-frameworks.sh",
				"${BUILT_PRODUCTS_DIR}/GTMSessionFetcher/GTMSessionFetcher.framework",
				"${BUILT_PRODUCTS_DIR}/GoogleToolboxForMac/GoogleToolboxForMac.framework",
				"${BUILT_PRODUCTS_DIR}/RxSwift/RxSwift.framework",
				"${BUILT_PRODUCTS_DIR}/leveldb-library/leveldb.framework",
				"${BUILT_PRODUCTS_DIR}/nanopb/nanopb.framework",
			);
			name = "[CP] Embed Pods Frameworks";
			outputPaths = (
				"${TARGET_BUILD_DIR}/${FRAMEWORKS_FOLDER_PATH}/GTMSessionFetcher.framework",
				"${TARGET_BUILD_DIR}/${FRAMEWORKS_FOLDER_PATH}/GoogleToolboxForMac.framework",
				"${TARGET_BUILD_DIR}/${FRAMEWORKS_FOLDER_PATH}/RxSwift.framework",
				"${TARGET_BUILD_DIR}/${FRAMEWORKS_FOLDER_PATH}/leveldb.framework",
				"${TARGET_BUILD_DIR}/${FRAMEWORKS_FOLDER_PATH}/nanopb.framework",
			);
			runOnlyForDeploymentPostprocessing = 0;
			shellPath = /bin/sh;
			shellScript = "\"${PODS_ROOT}/Target Support Files/Pods-oneLife/Pods-oneLife-frameworks.sh\"\n";
			showEnvVarsInLog = 0;
		};
/* End PBXShellScriptBuildPhase section */

/* Begin PBXSourcesBuildPhase section */
		E9DA79A621D0173100ABE6B7 /* Sources */ = {
			isa = PBXSourcesBuildPhase;
			buildActionMask = 2147483647;
			files = (
				E90457DF21D5C8070048E946 /* FirebaseAdapting.swift in Sources */,
				E90457DB21D5C7EC0048E946 /* HomePresenter.swift in Sources */,
				E90457E721D5C9060048E946 /* User.swift in Sources */,
				E9DA79B021D0173100ABE6B7 /* HomeViewController.swift in Sources */,
				E971911E21D7DF8400A80F34 /* Constants.swift in Sources */,
				E90457DD21D5C7FA0048E946 /* FirebaseAdapter.swift in Sources */,
				E9DA79AE21D0173100ABE6B7 /* AppDelegate.swift in Sources */,
			);
			runOnlyForDeploymentPostprocessing = 0;
		};
/* End PBXSourcesBuildPhase section */

/* Begin PBXVariantGroup section */
		E9DA79B121D0173100ABE6B7 /* Home.storyboard */ = {
			isa = PBXVariantGroup;
			children = (
				E9DA79B221D0173100ABE6B7 /* Base */,
			);
			name = Home.storyboard;
			sourceTree = "<group>";
		};
		E9DA79B621D0173B00ABE6B7 /* LaunchScreen.storyboard */ = {
			isa = PBXVariantGroup;
			children = (
				E9DA79B721D0173B00ABE6B7 /* Base */,
			);
			name = LaunchScreen.storyboard;
			sourceTree = "<group>";
		};
/* End PBXVariantGroup section */

/* Begin XCBuildConfiguration section */
		E9DA79D021D0173C00ABE6B7 /* Debug */ = {
			isa = XCBuildConfiguration;
			buildSettings = {
				ALWAYS_SEARCH_USER_PATHS = NO;
				CLANG_ANALYZER_NONNULL = YES;
				CLANG_ANALYZER_NUMBER_OBJECT_CONVERSION = YES_AGGRESSIVE;
				CLANG_CXX_LANGUAGE_STANDARD = "gnu++14";
				CLANG_CXX_LIBRARY = "libc++";
				CLANG_ENABLE_MODULES = YES;
				CLANG_ENABLE_OBJC_ARC = YES;
				CLANG_ENABLE_OBJC_WEAK = YES;
				CLANG_WARN_BLOCK_CAPTURE_AUTORELEASING = YES;
				CLANG_WARN_BOOL_CONVERSION = YES;
				CLANG_WARN_COMMA = YES;
				CLANG_WARN_CONSTANT_CONVERSION = YES;
				CLANG_WARN_DEPRECATED_OBJC_IMPLEMENTATIONS = YES;
				CLANG_WARN_DIRECT_OBJC_ISA_USAGE = YES_ERROR;
				CLANG_WARN_DOCUMENTATION_COMMENTS = YES;
				CLANG_WARN_EMPTY_BODY = YES;
				CLANG_WARN_ENUM_CONVERSION = YES;
				CLANG_WARN_INFINITE_RECURSION = YES;
				CLANG_WARN_INT_CONVERSION = YES;
				CLANG_WARN_NON_LITERAL_NULL_CONVERSION = YES;
				CLANG_WARN_OBJC_IMPLICIT_RETAIN_SELF = YES;
				CLANG_WARN_OBJC_LITERAL_CONVERSION = YES;
				CLANG_WARN_OBJC_ROOT_CLASS = YES_ERROR;
				CLANG_WARN_RANGE_LOOP_ANALYSIS = YES;
				CLANG_WARN_STRICT_PROTOTYPES = YES;
				CLANG_WARN_SUSPICIOUS_MOVE = YES;
				CLANG_WARN_UNGUARDED_AVAILABILITY = YES_AGGRESSIVE;
				CLANG_WARN_UNREACHABLE_CODE = YES;
				CLANG_WARN__DUPLICATE_METHOD_MATCH = YES;
				CODE_SIGN_IDENTITY = "iPhone Developer";
				COPY_PHASE_STRIP = NO;
				DEBUG_INFORMATION_FORMAT = dwarf;
				ENABLE_STRICT_OBJC_MSGSEND = YES;
				ENABLE_TESTABILITY = YES;
				GCC_C_LANGUAGE_STANDARD = gnu11;
				GCC_DYNAMIC_NO_PIC = NO;
				GCC_NO_COMMON_BLOCKS = YES;
				GCC_OPTIMIZATION_LEVEL = 0;
				GCC_PREPROCESSOR_DEFINITIONS = (
					"DEBUG=1",
					"$(inherited)",
				);
				GCC_WARN_64_TO_32_BIT_CONVERSION = YES;
				GCC_WARN_ABOUT_RETURN_TYPE = YES_ERROR;
				GCC_WARN_UNDECLARED_SELECTOR = YES;
				GCC_WARN_UNINITIALIZED_AUTOS = YES_AGGRESSIVE;
				GCC_WARN_UNUSED_FUNCTION = YES;
				GCC_WARN_UNUSED_VARIABLE = YES;
				IPHONEOS_DEPLOYMENT_TARGET = 11.3;
				MTL_ENABLE_DEBUG_INFO = YES;
				ONLY_ACTIVE_ARCH = YES;
				SDKROOT = iphoneos;
				SWIFT_ACTIVE_COMPILATION_CONDITIONS = DEBUG;
				SWIFT_OPTIMIZATION_LEVEL = "-Onone";
			};
			name = Debug;
		};
		E9DA79D121D0173C00ABE6B7 /* Release */ = {
			isa = XCBuildConfiguration;
			buildSettings = {
				ALWAYS_SEARCH_USER_PATHS = NO;
				CLANG_ANALYZER_NONNULL = YES;
				CLANG_ANALYZER_NUMBER_OBJECT_CONVERSION = YES_AGGRESSIVE;
				CLANG_CXX_LANGUAGE_STANDARD = "gnu++14";
				CLANG_CXX_LIBRARY = "libc++";
				CLANG_ENABLE_MODULES = YES;
				CLANG_ENABLE_OBJC_ARC = YES;
				CLANG_ENABLE_OBJC_WEAK = YES;
				CLANG_WARN_BLOCK_CAPTURE_AUTORELEASING = YES;
				CLANG_WARN_BOOL_CONVERSION = YES;
				CLANG_WARN_COMMA = YES;
				CLANG_WARN_CONSTANT_CONVERSION = YES;
				CLANG_WARN_DEPRECATED_OBJC_IMPLEMENTATIONS = YES;
				CLANG_WARN_DIRECT_OBJC_ISA_USAGE = YES_ERROR;
				CLANG_WARN_DOCUMENTATION_COMMENTS = YES;
				CLANG_WARN_EMPTY_BODY = YES;
				CLANG_WARN_ENUM_CONVERSION = YES;
				CLANG_WARN_INFINITE_RECURSION = YES;
				CLANG_WARN_INT_CONVERSION = YES;
				CLANG_WARN_NON_LITERAL_NULL_CONVERSION = YES;
				CLANG_WARN_OBJC_IMPLICIT_RETAIN_SELF = YES;
				CLANG_WARN_OBJC_LITERAL_CONVERSION = YES;
				CLANG_WARN_OBJC_ROOT_CLASS = YES_ERROR;
				CLANG_WARN_RANGE_LOOP_ANALYSIS = YES;
				CLANG_WARN_STRICT_PROTOTYPES = YES;
				CLANG_WARN_SUSPICIOUS_MOVE = YES;
				CLANG_WARN_UNGUARDED_AVAILABILITY = YES_AGGRESSIVE;
				CLANG_WARN_UNREACHABLE_CODE = YES;
				CLANG_WARN__DUPLICATE_METHOD_MATCH = YES;
				CODE_SIGN_IDENTITY = "iPhone Developer";
				COPY_PHASE_STRIP = NO;
				DEBUG_INFORMATION_FORMAT = "dwarf-with-dsym";
				ENABLE_NS_ASSERTIONS = NO;
				ENABLE_STRICT_OBJC_MSGSEND = YES;
				GCC_C_LANGUAGE_STANDARD = gnu11;
				GCC_NO_COMMON_BLOCKS = YES;
				GCC_WARN_64_TO_32_BIT_CONVERSION = YES;
				GCC_WARN_ABOUT_RETURN_TYPE = YES_ERROR;
				GCC_WARN_UNDECLARED_SELECTOR = YES;
				GCC_WARN_UNINITIALIZED_AUTOS = YES_AGGRESSIVE;
				GCC_WARN_UNUSED_FUNCTION = YES;
				GCC_WARN_UNUSED_VARIABLE = YES;
				IPHONEOS_DEPLOYMENT_TARGET = 11.3;
				MTL_ENABLE_DEBUG_INFO = NO;
				SDKROOT = iphoneos;
				SWIFT_OPTIMIZATION_LEVEL = "-Owholemodule";
				VALIDATE_PRODUCT = YES;
			};
			name = Release;
		};
		E9DA79D321D0173C00ABE6B7 /* Debug */ = {
			isa = XCBuildConfiguration;
			baseConfigurationReference = 148E945721037539C00C643F /* Pods-oneLife.debug.xcconfig */;
			buildSettings = {
				ASSETCATALOG_COMPILER_APPICON_NAME = AppIcon;
				CODE_SIGN_STYLE = Automatic;
				DEVELOPMENT_TEAM = A95Z7XMH9W;
				INFOPLIST_FILE = oneLife/Info.plist;
				LD_RUNPATH_SEARCH_PATHS = "$(inherited) @executable_path/Frameworks";
				PRODUCT_BUNDLE_IDENTIFIER = com.joycematos.oneLife;
				PRODUCT_NAME = "$(TARGET_NAME)";
				SWIFT_VERSION = 4.0;
				TARGETED_DEVICE_FAMILY = "1,2";
			};
			name = Debug;
		};
		E9DA79D421D0173C00ABE6B7 /* Release */ = {
			isa = XCBuildConfiguration;
			baseConfigurationReference = C5D4AC2FC5312534402E6151 /* Pods-oneLife.release.xcconfig */;
			buildSettings = {
				ASSETCATALOG_COMPILER_APPICON_NAME = AppIcon;
				CODE_SIGN_STYLE = Automatic;
				DEVELOPMENT_TEAM = A95Z7XMH9W;
				INFOPLIST_FILE = oneLife/Info.plist;
				LD_RUNPATH_SEARCH_PATHS = "$(inherited) @executable_path/Frameworks";
				PRODUCT_BUNDLE_IDENTIFIER = com.joycematos.oneLife;
				PRODUCT_NAME = "$(TARGET_NAME)";
				SWIFT_VERSION = 4.0;
				TARGETED_DEVICE_FAMILY = "1,2";
			};
			name = Release;
		};
/* End XCBuildConfiguration section */

/* Begin XCConfigurationList section */
		E9DA79A521D0173000ABE6B7 /* Build configuration list for PBXProject "oneLife" */ = {
			isa = XCConfigurationList;
			buildConfigurations = (
				E9DA79D021D0173C00ABE6B7 /* Debug */,
				E9DA79D121D0173C00ABE6B7 /* Release */,
			);
			defaultConfigurationIsVisible = 0;
			defaultConfigurationName = Release;
		};
		E9DA79D221D0173C00ABE6B7 /* Build configuration list for PBXNativeTarget "oneLife" */ = {
			isa = XCConfigurationList;
			buildConfigurations = (
				E9DA79D321D0173C00ABE6B7 /* Debug */,
				E9DA79D421D0173C00ABE6B7 /* Release */,
			);
			defaultConfigurationIsVisible = 0;
			defaultConfigurationName = Release;
		};
/* End XCConfigurationList section */
	};
	rootObject = E9DA79A221D0173000ABE6B7 /* Project object */;
}
